// !$*UTF8*$!
{
	archiveVersion = 1;
	classes = {
	};
	objectVersion = 77;
	objects = {

/* Begin PBXBuildFile section */
		FFCACD872CEB725E00334C38 /* Preview Assets.xcassets in Resources */ = {isa = PBXBuildFile; fileRef = FFCACD812CEB725E00334C38 /* Preview Assets.xcassets */; };
		FFCACD882CEB725E00334C38 /* Assets.xcassets in Resources */ = {isa = PBXBuildFile; fileRef = FFCACD832CEB725E00334C38 /* Assets.xcassets */; };
		FFCACD892CEB725E00334C38 /* ContentView.swift in Sources */ = {isa = PBXBuildFile; fileRef = FFCACD842CEB725E00334C38 /* ContentView.swift */; };
		FFCACD8A2CEB725E00334C38 /* VisitorGOApp.swift in Sources */ = {isa = PBXBuildFile; fileRef = FFCACD852CEB725E00334C38 /* VisitorGOApp.swift */; };
		FFCACD8D2CEB728600334C38 /* CreatePostView.swift in Sources */ = {isa = PBXBuildFile; fileRef = FFCACD8C2CEB728600334C38 /* CreatePostView.swift */; };
		FFCACD902CEB72D800334C38 /* Locate.swift in Sources */ = {isa = PBXBuildFile; fileRef = FFCACD8F2CEB72D800334C38 /* Locate.swift */; };
		FFCACD922CEB733900334C38 /* LocationRegisterView.swift in Sources */ = {isa = PBXBuildFile; fileRef = FFCACD912CEB733900334C38 /* LocationRegisterView.swift */; };
		FFCACD952CEB753100334C38 /* MapViewHelper.swift in Sources */ = {isa = PBXBuildFile; fileRef = FFCACD942CEB753100334C38 /* MapViewHelper.swift */; };
		FFCACD972CEB758100334C38 /* CreateGameResultView.swift in Sources */ = {isa = PBXBuildFile; fileRef = FFCACD962CEB758100334C38 /* CreateGameResultView.swift */; };
		FFCACD992CEB75DF00334C38 /* EditLocaleView.swift in Sources */ = {isa = PBXBuildFile; fileRef = FFCACD982CEB75DF00334C38 /* EditLocaleView.swift */; };
		FFCACD9B2CEB767B00334C38 /* Sports.swift in Sources */ = {isa = PBXBuildFile; fileRef = FFCACD9A2CEB767A00334C38 /* Sports.swift */; };
		FFCACD9D2CEB848A00334C38 /* HomeView.swift in Sources */ = {isa = PBXBuildFile; fileRef = FFCACD9C2CEB848A00334C38 /* HomeView.swift */; };
		FFCACD9F2CEB876600334C38 /* SportsSelectView.swift in Sources */ = {isa = PBXBuildFile; fileRef = FFCACD9E2CEB876600334C38 /* SportsSelectView.swift */; };
/* End PBXBuildFile section */

/* Begin PBXFileReference section */
		FFCACD702CEB71ED00334C38 /* VisitorGO.app */ = {isa = PBXFileReference; explicitFileType = wrapper.application; includeInIndex = 0; path = VisitorGO.app; sourceTree = BUILT_PRODUCTS_DIR; };
		FFCACD812CEB725E00334C38 /* Preview Assets.xcassets */ = {isa = PBXFileReference; lastKnownFileType = folder.assetcatalog; path = "Preview Assets.xcassets"; sourceTree = "<group>"; };
		FFCACD832CEB725E00334C38 /* Assets.xcassets */ = {isa = PBXFileReference; lastKnownFileType = folder.assetcatalog; path = Assets.xcassets; sourceTree = "<group>"; };
		FFCACD842CEB725E00334C38 /* ContentView.swift */ = {isa = PBXFileReference; lastKnownFileType = sourcecode.swift; path = ContentView.swift; sourceTree = "<group>"; };
		FFCACD852CEB725E00334C38 /* VisitorGOApp.swift */ = {isa = PBXFileReference; lastKnownFileType = sourcecode.swift; path = VisitorGOApp.swift; sourceTree = "<group>"; };
		FFCACD8C2CEB728600334C38 /* CreatePostView.swift */ = {isa = PBXFileReference; lastKnownFileType = sourcecode.swift; path = CreatePostView.swift; sourceTree = "<group>"; };
		FFCACD8F2CEB72D800334C38 /* Locate.swift */ = {isa = PBXFileReference; lastKnownFileType = sourcecode.swift; path = Locate.swift; sourceTree = "<group>"; };
		FFCACD912CEB733900334C38 /* LocationRegisterView.swift */ = {isa = PBXFileReference; lastKnownFileType = sourcecode.swift; path = LocationRegisterView.swift; sourceTree = "<group>"; };
		FFCACD942CEB753100334C38 /* MapViewHelper.swift */ = {isa = PBXFileReference; lastKnownFileType = sourcecode.swift; path = MapViewHelper.swift; sourceTree = "<group>"; };
		FFCACD962CEB758100334C38 /* CreateGameResultView.swift */ = {isa = PBXFileReference; lastKnownFileType = sourcecode.swift; path = CreateGameResultView.swift; sourceTree = "<group>"; };
		FFCACD982CEB75DF00334C38 /* EditLocaleView.swift */ = {isa = PBXFileReference; lastKnownFileType = sourcecode.swift; path = EditLocaleView.swift; sourceTree = "<group>"; };
		FFCACD9A2CEB767A00334C38 /* Sports.swift */ = {isa = PBXFileReference; lastKnownFileType = sourcecode.swift; path = Sports.swift; sourceTree = "<group>"; };
		FFCACD9C2CEB848A00334C38 /* HomeView.swift */ = {isa = PBXFileReference; lastKnownFileType = sourcecode.swift; path = HomeView.swift; sourceTree = "<group>"; };
		FFCACD9E2CEB876600334C38 /* SportsSelectView.swift */ = {isa = PBXFileReference; lastKnownFileType = sourcecode.swift; path = SportsSelectView.swift; sourceTree = "<group>"; };
/* End PBXFileReference section */

/* Begin PBXFrameworksBuildPhase section */
		FFCACD6D2CEB71ED00334C38 /* Frameworks */ = {
			isa = PBXFrameworksBuildPhase;
			buildActionMask = 2147483647;
			files = (
			);
			runOnlyForDeploymentPostprocessing = 0;
		};
/* End PBXFrameworksBuildPhase section */

/* Begin PBXGroup section */
		FFCACD672CEB71ED00334C38 = {
			isa = PBXGroup;
			children = (
				FFCACD862CEB725E00334C38 /* VisitorGO */,
				FFCACD712CEB71ED00334C38 /* Products */,
			);
			sourceTree = "<group>";
		};
		FFCACD712CEB71ED00334C38 /* Products */ = {
			isa = PBXGroup;
			children = (
				FFCACD702CEB71ED00334C38 /* VisitorGO.app */,
			);
			name = Products;
			sourceTree = "<group>";
		};
		FFCACD822CEB725E00334C38 /* Preview Content */ = {
			isa = PBXGroup;
			children = (
				FFCACD812CEB725E00334C38 /* Preview Assets.xcassets */,
			);
			path = "Preview Content";
			sourceTree = "<group>";
		};
		FFCACD862CEB725E00334C38 /* VisitorGO */ = {
			isa = PBXGroup;
			children = (
				FFCACD822CEB725E00334C38 /* Preview Content */,
				FFCACD832CEB725E00334C38 /* Assets.xcassets */,
				FFCACD852CEB725E00334C38 /* VisitorGOApp.swift */,
				FFCACD842CEB725E00334C38 /* ContentView.swift */,
				FFCACD8B2CEB727400334C38 /* Views */,
				FFCACD8E2CEB72A900334C38 /* Models */,
				FFCACD932CEB74CC00334C38 /* Helper */,
			);
			path = VisitorGO;
			sourceTree = "<group>";
		};
		FFCACD8B2CEB727400334C38 /* Views */ = {
			isa = PBXGroup;
			children = (
				FFCACD9C2CEB848A00334C38 /* HomeView.swift */,
				FFCACD8C2CEB728600334C38 /* CreatePostView.swift */,
				FFCACD912CEB733900334C38 /* LocationRegisterView.swift */,
				FFCACD962CEB758100334C38 /* CreateGameResultView.swift */,
				FFCACD982CEB75DF00334C38 /* EditLocaleView.swift */,
				FFCACD9E2CEB876600334C38 /* SportsSelectView.swift */,
			);
			path = Views;
			sourceTree = "<group>";
		};
		FFCACD8E2CEB72A900334C38 /* Models */ = {
			isa = PBXGroup;
			children = (
				FFCACD8F2CEB72D800334C38 /* Locate.swift */,
				FFCACD9A2CEB767A00334C38 /* Sports.swift */,
			);
			path = Models;
			sourceTree = "<group>";
		};
		FFCACD932CEB74CC00334C38 /* Helper */ = {
			isa = PBXGroup;
			children = (
				FFCACD942CEB753100334C38 /* MapViewHelper.swift */,
			);
			path = Helper;
			sourceTree = "<group>";
		};
/* End PBXGroup section */

/* Begin PBXNativeTarget section */
		FFCACD6F2CEB71ED00334C38 /* VisitorGO */ = {
			isa = PBXNativeTarget;
			buildConfigurationList = FFCACD7E2CEB71F100334C38 /* Build configuration list for PBXNativeTarget "VisitorGO" */;
			buildPhases = (
				FFCACD6C2CEB71ED00334C38 /* Sources */,
				FFCACD6D2CEB71ED00334C38 /* Frameworks */,
				FFCACD6E2CEB71ED00334C38 /* Resources */,
			);
			buildRules = (
			);
			dependencies = (
			);
			name = VisitorGO;
			packageProductDependencies = (
			);
			productName = VisitorGO;
			productReference = FFCACD702CEB71ED00334C38 /* VisitorGO.app */;
			productType = "com.apple.product-type.application";
		};
/* End PBXNativeTarget section */

/* Begin PBXProject section */
		FFCACD682CEB71ED00334C38 /* Project object */ = {
			isa = PBXProject;
			attributes = {
				BuildIndependentTargetsInParallel = 1;
				LastSwiftUpdateCheck = 1600;
				LastUpgradeCheck = 1600;
				TargetAttributes = {
					FFCACD6F2CEB71ED00334C38 = {
						CreatedOnToolsVersion = 16.0;
					};
				};
			};
			buildConfigurationList = FFCACD6B2CEB71ED00334C38 /* Build configuration list for PBXProject "VisitorGO" */;
			developmentRegion = en;
			hasScannedForEncodings = 0;
			knownRegions = (
				en,
				Base,
			);
			mainGroup = FFCACD672CEB71ED00334C38;
			minimizedProjectReferenceProxies = 1;
			preferredProjectObjectVersion = 77;
			productRefGroup = FFCACD712CEB71ED00334C38 /* Products */;
			projectDirPath = "";
			projectRoot = "";
			targets = (
				FFCACD6F2CEB71ED00334C38 /* VisitorGO */,
			);
		};
/* End PBXProject section */

/* Begin PBXResourcesBuildPhase section */
		FFCACD6E2CEB71ED00334C38 /* Resources */ = {
			isa = PBXResourcesBuildPhase;
			buildActionMask = 2147483647;
			files = (
				FFCACD872CEB725E00334C38 /* Preview Assets.xcassets in Resources */,
				FFCACD882CEB725E00334C38 /* Assets.xcassets in Resources */,
			);
			runOnlyForDeploymentPostprocessing = 0;
		};
/* End PBXResourcesBuildPhase section */

/* Begin PBXSourcesBuildPhase section */
		FFCACD6C2CEB71ED00334C38 /* Sources */ = {
			isa = PBXSourcesBuildPhase;
			buildActionMask = 2147483647;
			files = (
				FFCACD992CEB75DF00334C38 /* EditLocaleView.swift in Sources */,
				FFCACD892CEB725E00334C38 /* ContentView.swift in Sources */,
				FFCACD8A2CEB725E00334C38 /* VisitorGOApp.swift in Sources */,
				FFCACD9D2CEB848A00334C38 /* HomeView.swift in Sources */,
				FFCACD9F2CEB876600334C38 /* SportsSelectView.swift in Sources */,
				FFCACD972CEB758100334C38 /* CreateGameResultView.swift in Sources */,
				FFCACD922CEB733900334C38 /* LocationRegisterView.swift in Sources */,
				FFCACD952CEB753100334C38 /* MapViewHelper.swift in Sources */,
				FFCACD8D2CEB728600334C38 /* CreatePostView.swift in Sources */,
				FFCACD9B2CEB767B00334C38 /* Sports.swift in Sources */,
				FFCACD902CEB72D800334C38 /* Locate.swift in Sources */,
			);
			runOnlyForDeploymentPostprocessing = 0;
		};
/* End PBXSourcesBuildPhase section */

/* Begin XCBuildConfiguration section */
		FFCACD7C2CEB71F100334C38 /* Debug */ = {
			isa = XCBuildConfiguration;
			buildSettings = {
				ALWAYS_SEARCH_USER_PATHS = NO;
				ASSETCATALOG_COMPILER_GENERATE_SWIFT_ASSET_SYMBOL_EXTENSIONS = YES;
				CLANG_ANALYZER_NONNULL = YES;
				CLANG_ANALYZER_NUMBER_OBJECT_CONVERSION = YES_AGGRESSIVE;
				CLANG_CXX_LANGUAGE_STANDARD = "gnu++20";
				CLANG_ENABLE_MODULES = YES;
				CLANG_ENABLE_OBJC_ARC = YES;
				CLANG_ENABLE_OBJC_WEAK = YES;
				CLANG_WARN_BLOCK_CAPTURE_AUTORELEASING = YES;
				CLANG_WARN_BOOL_CONVERSION = YES;
				CLANG_WARN_COMMA = YES;
				CLANG_WARN_CONSTANT_CONVERSION = YES;
				CLANG_WARN_DEPRECATED_OBJC_IMPLEMENTATIONS = YES;
				CLANG_WARN_DIRECT_OBJC_ISA_USAGE = YES_ERROR;
				CLANG_WARN_DOCUMENTATION_COMMENTS = YES;
				CLANG_WARN_EMPTY_BODY = YES;
				CLANG_WARN_ENUM_CONVERSION = YES;
				CLANG_WARN_INFINITE_RECURSION = YES;
				CLANG_WARN_INT_CONVERSION = YES;
				CLANG_WARN_NON_LITERAL_NULL_CONVERSION = YES;
				CLANG_WARN_OBJC_IMPLICIT_RETAIN_SELF = YES;
				CLANG_WARN_OBJC_LITERAL_CONVERSION = YES;
				CLANG_WARN_OBJC_ROOT_CLASS = YES_ERROR;
				CLANG_WARN_QUOTED_INCLUDE_IN_FRAMEWORK_HEADER = YES;
				CLANG_WARN_RANGE_LOOP_ANALYSIS = YES;
				CLANG_WARN_STRICT_PROTOTYPES = YES;
				CLANG_WARN_SUSPICIOUS_MOVE = YES;
				CLANG_WARN_UNGUARDED_AVAILABILITY = YES_AGGRESSIVE;
				CLANG_WARN_UNREACHABLE_CODE = YES;
				CLANG_WARN__DUPLICATE_METHOD_MATCH = YES;
				COPY_PHASE_STRIP = NO;
				DEBUG_INFORMATION_FORMAT = dwarf;
				ENABLE_STRICT_OBJC_MSGSEND = YES;
				ENABLE_TESTABILITY = YES;
				ENABLE_USER_SCRIPT_SANDBOXING = YES;
				GCC_C_LANGUAGE_STANDARD = gnu17;
				GCC_DYNAMIC_NO_PIC = NO;
				GCC_NO_COMMON_BLOCKS = YES;
				GCC_OPTIMIZATION_LEVEL = 0;
				GCC_PREPROCESSOR_DEFINITIONS = (
					"DEBUG=1",
					"$(inherited)",
				);
				GCC_WARN_64_TO_32_BIT_CONVERSION = YES;
				GCC_WARN_ABOUT_RETURN_TYPE = YES_ERROR;
				GCC_WARN_UNDECLARED_SELECTOR = YES;
				GCC_WARN_UNINITIALIZED_AUTOS = YES_AGGRESSIVE;
				GCC_WARN_UNUSED_FUNCTION = YES;
				GCC_WARN_UNUSED_VARIABLE = YES;
				IPHONEOS_DEPLOYMENT_TARGET = 18.0;
				LOCALIZATION_PREFERS_STRING_CATALOGS = YES;
				MTL_ENABLE_DEBUG_INFO = INCLUDE_SOURCE;
				MTL_FAST_MATH = YES;
				ONLY_ACTIVE_ARCH = YES;
				SDKROOT = iphoneos;
				SWIFT_ACTIVE_COMPILATION_CONDITIONS = "DEBUG $(inherited)";
				SWIFT_OPTIMIZATION_LEVEL = "-Onone";
			};
			name = Debug;
		};
		FFCACD7D2CEB71F100334C38 /* Release */ = {
			isa = XCBuildConfiguration;
			buildSettings = {
				ALWAYS_SEARCH_USER_PATHS = NO;
				ASSETCATALOG_COMPILER_GENERATE_SWIFT_ASSET_SYMBOL_EXTENSIONS = YES;
				CLANG_ANALYZER_NONNULL = YES;
				CLANG_ANALYZER_NUMBER_OBJECT_CONVERSION = YES_AGGRESSIVE;
				CLANG_CXX_LANGUAGE_STANDARD = "gnu++20";
				CLANG_ENABLE_MODULES = YES;
				CLANG_ENABLE_OBJC_ARC = YES;
				CLANG_ENABLE_OBJC_WEAK = YES;
				CLANG_WARN_BLOCK_CAPTURE_AUTORELEASING = YES;
				CLANG_WARN_BOOL_CONVERSION = YES;
				CLANG_WARN_COMMA = YES;
				CLANG_WARN_CONSTANT_CONVERSION = YES;
				CLANG_WARN_DEPRECATED_OBJC_IMPLEMENTATIONS = YES;
				CLANG_WARN_DIRECT_OBJC_ISA_USAGE = YES_ERROR;
				CLANG_WARN_DOCUMENTATION_COMMENTS = YES;
				CLANG_WARN_EMPTY_BODY = YES;
				CLANG_WARN_ENUM_CONVERSION = YES;
				CLANG_WARN_INFINITE_RECURSION = YES;
				CLANG_WARN_INT_CONVERSION = YES;
				CLANG_WARN_NON_LITERAL_NULL_CONVERSION = YES;
				CLANG_WARN_OBJC_IMPLICIT_RETAIN_SELF = YES;
				CLANG_WARN_OBJC_LITERAL_CONVERSION = YES;
				CLANG_WARN_OBJC_ROOT_CLASS = YES_ERROR;
				CLANG_WARN_QUOTED_INCLUDE_IN_FRAMEWORK_HEADER = YES;
				CLANG_WARN_RANGE_LOOP_ANALYSIS = YES;
				CLANG_WARN_STRICT_PROTOTYPES = YES;
				CLANG_WARN_SUSPICIOUS_MOVE = YES;
				CLANG_WARN_UNGUARDED_AVAILABILITY = YES_AGGRESSIVE;
				CLANG_WARN_UNREACHABLE_CODE = YES;
				CLANG_WARN__DUPLICATE_METHOD_MATCH = YES;
				COPY_PHASE_STRIP = NO;
				DEBUG_INFORMATION_FORMAT = "dwarf-with-dsym";
				ENABLE_NS_ASSERTIONS = NO;
				ENABLE_STRICT_OBJC_MSGSEND = YES;
				ENABLE_USER_SCRIPT_SANDBOXING = YES;
				GCC_C_LANGUAGE_STANDARD = gnu17;
				GCC_NO_COMMON_BLOCKS = YES;
				GCC_WARN_64_TO_32_BIT_CONVERSION = YES;
				GCC_WARN_ABOUT_RETURN_TYPE = YES_ERROR;
				GCC_WARN_UNDECLARED_SELECTOR = YES;
				GCC_WARN_UNINITIALIZED_AUTOS = YES_AGGRESSIVE;
				GCC_WARN_UNUSED_FUNCTION = YES;
				GCC_WARN_UNUSED_VARIABLE = YES;
				IPHONEOS_DEPLOYMENT_TARGET = 18.0;
				LOCALIZATION_PREFERS_STRING_CATALOGS = YES;
				MTL_ENABLE_DEBUG_INFO = NO;
				MTL_FAST_MATH = YES;
				SDKROOT = iphoneos;
				SWIFT_COMPILATION_MODE = wholemodule;
				VALIDATE_PRODUCT = YES;
			};
			name = Release;
		};
		FFCACD7F2CEB71F100334C38 /* Debug */ = {
			isa = XCBuildConfiguration;
			buildSettings = {
				ASSETCATALOG_COMPILER_APPICON_NAME = AppIcon;
				ASSETCATALOG_COMPILER_GLOBAL_ACCENT_COLOR_NAME = AccentColor;
				CODE_SIGN_STYLE = Automatic;
				CURRENT_PROJECT_VERSION = 1;
				DEVELOPMENT_ASSET_PATHS = "\"VisitorGO/Preview Content\"";
				DEVELOPMENT_TEAM = B74ARS8PR4;
				ENABLE_PREVIEWS = YES;
				GENERATE_INFOPLIST_FILE = YES;
				INFOPLIST_KEY_UIApplicationSceneManifest_Generation = YES;
				INFOPLIST_KEY_UIApplicationSupportsIndirectInputEvents = YES;
				INFOPLIST_KEY_UILaunchScreen_Generation = YES;
				INFOPLIST_KEY_UISupportedInterfaceOrientations_iPad = "UIInterfaceOrientationPortrait UIInterfaceOrientationPortraitUpsideDown UIInterfaceOrientationLandscapeLeft UIInterfaceOrientationLandscapeRight";
				INFOPLIST_KEY_UISupportedInterfaceOrientations_iPhone = UIInterfaceOrientationPortrait;
				INFOPLIST_KEY_UIUserInterfaceStyle = Light;
				LD_RUNPATH_SEARCH_PATHS = (
					"$(inherited)",
					"@executable_path/Frameworks",
				);
				MARKETING_VERSION = 1.0;
				PRODUCT_BUNDLE_IDENTIFIER = imamura.VisitorGO;
				PRODUCT_NAME = "$(TARGET_NAME)";
				SWIFT_EMIT_LOC_STRINGS = YES;
				SWIFT_VERSION = 5.0;
				TARGETED_DEVICE_FAMILY = "1,2";
			};
			name = Debug;
		};
		FFCACD802CEB71F100334C38 /* Release */ = {
			isa = XCBuildConfiguration;
			buildSettings = {
				ASSETCATALOG_COMPILER_APPICON_NAME = AppIcon;
				ASSETCATALOG_COMPILER_GLOBAL_ACCENT_COLOR_NAME = AccentColor;
				CODE_SIGN_STYLE = Automatic;
				CURRENT_PROJECT_VERSION = 1;
				DEVELOPMENT_ASSET_PATHS = "\"VisitorGO/Preview Content\"";
				DEVELOPMENT_TEAM = B74ARS8PR4;
				ENABLE_PREVIEWS = YES;
				GENERATE_INFOPLIST_FILE = YES;
				INFOPLIST_KEY_UIApplicationSceneManifest_Generation = YES;
				INFOPLIST_KEY_UIApplicationSupportsIndirectInputEvents = YES;
				INFOPLIST_KEY_UILaunchScreen_Generation = YES;
				INFOPLIST_KEY_UISupportedInterfaceOrientations_iPad = "UIInterfaceOrientationPortrait UIInterfaceOrientationPortraitUpsideDown UIInterfaceOrientationLandscapeLeft UIInterfaceOrientationLandscapeRight";
				INFOPLIST_KEY_UISupportedInterfaceOrientations_iPhone = UIInterfaceOrientationPortrait;
				INFOPLIST_KEY_UIUserInterfaceStyle = Light;
				LD_RUNPATH_SEARCH_PATHS = (
					"$(inherited)",
					"@executable_path/Frameworks",
				);
				MARKETING_VERSION = 1.0;
				PRODUCT_BUNDLE_IDENTIFIER = imamura.VisitorGO;
				PRODUCT_NAME = "$(TARGET_NAME)";
				SWIFT_EMIT_LOC_STRINGS = YES;
				SWIFT_VERSION = 5.0;
				TARGETED_DEVICE_FAMILY = "1,2";
			};
			name = Release;
		};
/* End XCBuildConfiguration section */

/* Begin XCConfigurationList section */
		FFCACD6B2CEB71ED00334C38 /* Build configuration list for PBXProject "VisitorGO" */ = {
			isa = XCConfigurationList;
			buildConfigurations = (
				FFCACD7C2CEB71F100334C38 /* Debug */,
				FFCACD7D2CEB71F100334C38 /* Release */,
			);
			defaultConfigurationIsVisible = 0;
			defaultConfigurationName = Release;
		};
		FFCACD7E2CEB71F100334C38 /* Build configuration list for PBXNativeTarget "VisitorGO" */ = {
			isa = XCConfigurationList;
			buildConfigurations = (
				FFCACD7F2CEB71F100334C38 /* Debug */,
				FFCACD802CEB71F100334C38 /* Release */,
			);
			defaultConfigurationIsVisible = 0;
			defaultConfigurationName = Release;
		};
/* End XCConfigurationList section */
	};
	rootObject = FFCACD682CEB71ED00334C38 /* Project object */;
}
